// !$*UTF8*$!
{
	archiveVersion = 1;
	classes = {
	};
	objectVersion = 56;
	objects = {

/* Begin PBXBuildFile section */
		DCF97AFF2BEDE7300073417E /* ootdApp.swift in Sources */ = {isa = PBXBuildFile; fileRef = DCF97AFE2BEDE7300073417E /* ootdApp.swift */; };
		DCF97B012BEDE7300073417E /* ContentView.swift in Sources */ = {isa = PBXBuildFile; fileRef = DCF97B002BEDE7300073417E /* ContentView.swift */; };
		DCF97B032BEDE7320073417E /* Assets.xcassets in Resources */ = {isa = PBXBuildFile; fileRef = DCF97B022BEDE7320073417E /* Assets.xcassets */; };
		DCF97B062BEDE7320073417E /* Preview Assets.xcassets in Resources */ = {isa = PBXBuildFile; fileRef = DCF97B052BEDE7320073417E /* Preview Assets.xcassets */; };
		DCF97B082BEDE7320073417E /* Persistence.swift in Sources */ = {isa = PBXBuildFile; fileRef = DCF97B072BEDE7320073417E /* Persistence.swift */; };
		DCF97B0B2BEDE7320073417E /* ootd.xcdatamodeld in Sources */ = {isa = PBXBuildFile; fileRef = DCF97B092BEDE7320073417E /* ootd.xcdatamodeld */; };
		DCF97B162BEDE7320073417E /* ootdTests.swift in Sources */ = {isa = PBXBuildFile; fileRef = DCF97B152BEDE7320073417E /* ootdTests.swift */; };
		DCF97B202BEDE7320073417E /* ootdUITests.swift in Sources */ = {isa = PBXBuildFile; fileRef = DCF97B1F2BEDE7320073417E /* ootdUITests.swift */; };
		DCF97B222BEDE7320073417E /* ootdUITestsLaunchTests.swift in Sources */ = {isa = PBXBuildFile; fileRef = DCF97B212BEDE7320073417E /* ootdUITestsLaunchTests.swift */; };
		DCF97B2F2BEDEB690073417E /* ProfileView.swift in Sources */ = {isa = PBXBuildFile; fileRef = DCF97B2E2BEDEB690073417E /* ProfileView.swift */; };
		DCF97B342BEDEBC10073417E /* AddOutfitView.swift in Sources */ = {isa = PBXBuildFile; fileRef = DCF97B302BEDEB8C0073417E /* AddOutfitView.swift */; };
		DCF97B352BEDEBC40073417E /* FeedView.swift in Sources */ = {isa = PBXBuildFile; fileRef = DCF97B322BEDEBA70073417E /* FeedView.swift */; };
		DCF97B372BEDF6390073417E /* Outfit.swift in Sources */ = {isa = PBXBuildFile; fileRef = DCF97B362BEDF6390073417E /* Outfit.swift */; };
		DCF97B392BEDF67E0073417E /* OutfitView.swift in Sources */ = {isa = PBXBuildFile; fileRef = DCF97B382BEDF67E0073417E /* OutfitView.swift */; };
		DCF97B3B2BEE08B50073417E /* CalendarView.swift in Sources */ = {isa = PBXBuildFile; fileRef = DCF97B3A2BEE08B50073417E /* CalendarView.swift */; };
/* End PBXBuildFile section */

/* Begin PBXContainerItemProxy section */
		DCF97B122BEDE7320073417E /* PBXContainerItemProxy */ = {
			isa = PBXContainerItemProxy;
			containerPortal = DCF97AF32BEDE7300073417E /* Project object */;
			proxyType = 1;
			remoteGlobalIDString = DCF97AFA2BEDE7300073417E;
			remoteInfo = ootd;
		};
		DCF97B1C2BEDE7320073417E /* PBXContainerItemProxy */ = {
			isa = PBXContainerItemProxy;
			containerPortal = DCF97AF32BEDE7300073417E /* Project object */;
			proxyType = 1;
			remoteGlobalIDString = DCF97AFA2BEDE7300073417E;
			remoteInfo = ootd;
		};
/* End PBXContainerItemProxy section */

/* Begin PBXFileReference section */
		DCF97AFB2BEDE7300073417E /* ootd.app */ = {isa = PBXFileReference; explicitFileType = wrapper.application; includeInIndex = 0; path = ootd.app; sourceTree = BUILT_PRODUCTS_DIR; };
		DCF97AFE2BEDE7300073417E /* ootdApp.swift */ = {isa = PBXFileReference; lastKnownFileType = sourcecode.swift; path = ootdApp.swift; sourceTree = "<group>"; };
		DCF97B002BEDE7300073417E /* ContentView.swift */ = {isa = PBXFileReference; lastKnownFileType = sourcecode.swift; path = ContentView.swift; sourceTree = "<group>"; };
		DCF97B022BEDE7320073417E /* Assets.xcassets */ = {isa = PBXFileReference; lastKnownFileType = folder.assetcatalog; path = Assets.xcassets; sourceTree = "<group>"; };
		DCF97B052BEDE7320073417E /* Preview Assets.xcassets */ = {isa = PBXFileReference; lastKnownFileType = folder.assetcatalog; path = "Preview Assets.xcassets"; sourceTree = "<group>"; };
		DCF97B072BEDE7320073417E /* Persistence.swift */ = {isa = PBXFileReference; lastKnownFileType = sourcecode.swift; path = Persistence.swift; sourceTree = "<group>"; };
		DCF97B0A2BEDE7320073417E /* ootd.xcdatamodel */ = {isa = PBXFileReference; lastKnownFileType = wrapper.xcdatamodel; path = ootd.xcdatamodel; sourceTree = "<group>"; };
		DCF97B0C2BEDE7320073417E /* Info.plist */ = {isa = PBXFileReference; lastKnownFileType = text.plist.xml; path = Info.plist; sourceTree = "<group>"; };
		DCF97B112BEDE7320073417E /* ootdTests.xctest */ = {isa = PBXFileReference; explicitFileType = wrapper.cfbundle; includeInIndex = 0; path = ootdTests.xctest; sourceTree = BUILT_PRODUCTS_DIR; };
		DCF97B152BEDE7320073417E /* ootdTests.swift */ = {isa = PBXFileReference; lastKnownFileType = sourcecode.swift; path = ootdTests.swift; sourceTree = "<group>"; };
		DCF97B1B2BEDE7320073417E /* ootdUITests.xctest */ = {isa = PBXFileReference; explicitFileType = wrapper.cfbundle; includeInIndex = 0; path = ootdUITests.xctest; sourceTree = BUILT_PRODUCTS_DIR; };
		DCF97B1F2BEDE7320073417E /* ootdUITests.swift */ = {isa = PBXFileReference; lastKnownFileType = sourcecode.swift; path = ootdUITests.swift; sourceTree = "<group>"; };
		DCF97B212BEDE7320073417E /* ootdUITestsLaunchTests.swift */ = {isa = PBXFileReference; lastKnownFileType = sourcecode.swift; path = ootdUITestsLaunchTests.swift; sourceTree = "<group>"; };
		DCF97B2E2BEDEB690073417E /* ProfileView.swift */ = {isa = PBXFileReference; lastKnownFileType = sourcecode.swift; path = ProfileView.swift; sourceTree = "<group>"; };
		DCF97B302BEDEB8C0073417E /* AddOutfitView.swift */ = {isa = PBXFileReference; lastKnownFileType = sourcecode.swift; path = AddOutfitView.swift; sourceTree = "<group>"; };
		DCF97B322BEDEBA70073417E /* FeedView.swift */ = {isa = PBXFileReference; lastKnownFileType = sourcecode.swift; path = FeedView.swift; sourceTree = "<group>"; };
		DCF97B362BEDF6390073417E /* Outfit.swift */ = {isa = PBXFileReference; lastKnownFileType = sourcecode.swift; path = Outfit.swift; sourceTree = "<group>"; };
		DCF97B382BEDF67E0073417E /* OutfitView.swift */ = {isa = PBXFileReference; lastKnownFileType = sourcecode.swift; path = OutfitView.swift; sourceTree = "<group>"; };
		DCF97B3A2BEE08B50073417E /* CalendarView.swift */ = {isa = PBXFileReference; lastKnownFileType = sourcecode.swift; path = CalendarView.swift; sourceTree = "<group>"; };
/* End PBXFileReference section */

/* Begin PBXFrameworksBuildPhase section */
		DCF97AF82BEDE7300073417E /* Frameworks */ = {
			isa = PBXFrameworksBuildPhase;
			buildActionMask = 2147483647;
			files = (
			);
			runOnlyForDeploymentPostprocessing = 0;
		};
		DCF97B0E2BEDE7320073417E /* Frameworks */ = {
			isa = PBXFrameworksBuildPhase;
			buildActionMask = 2147483647;
			files = (
			);
			runOnlyForDeploymentPostprocessing = 0;
		};
		DCF97B182BEDE7320073417E /* Frameworks */ = {
			isa = PBXFrameworksBuildPhase;
			buildActionMask = 2147483647;
			files = (
			);
			runOnlyForDeploymentPostprocessing = 0;
		};
/* End PBXFrameworksBuildPhase section */

/* Begin PBXGroup section */
		DCF97AF22BEDE7300073417E = {
			isa = PBXGroup;
			children = (
				DCF97B3A2BEE08B50073417E /* CalendarView.swift */,
				DCF97AFD2BEDE7300073417E /* ootd */,
				DCF97B142BEDE7320073417E /* ootdTests */,
				DCF97B1E2BEDE7320073417E /* ootdUITests */,
				DCF97AFC2BEDE7300073417E /* Products */,
			);
			sourceTree = "<group>";
		};
		DCF97AFC2BEDE7300073417E /* Products */ = {
			isa = PBXGroup;
			children = (
				DCF97AFB2BEDE7300073417E /* ootd.app */,
				DCF97B112BEDE7320073417E /* ootdTests.xctest */,
				DCF97B1B2BEDE7320073417E /* ootdUITests.xctest */,
			);
			name = Products;
			sourceTree = "<group>";
		};
		DCF97AFD2BEDE7300073417E /* ootd */ = {
			isa = PBXGroup;
			children = (
				DCF97AFE2BEDE7300073417E /* ootdApp.swift */,
				DCF97B322BEDEBA70073417E /* FeedView.swift */,
				DCF97B382BEDF67E0073417E /* OutfitView.swift */,
				DCF97B362BEDF6390073417E /* Outfit.swift */,
				DCF97B002BEDE7300073417E /* ContentView.swift */,
				DCF97B302BEDEB8C0073417E /* AddOutfitView.swift */,
				DCF97B2E2BEDEB690073417E /* ProfileView.swift */,
				DCF97B022BEDE7320073417E /* Assets.xcassets */,
				DCF97B072BEDE7320073417E /* Persistence.swift */,
				DCF97B0C2BEDE7320073417E /* Info.plist */,
				DCF97B092BEDE7320073417E /* ootd.xcdatamodeld */,
				DCF97B042BEDE7320073417E /* Preview Content */,
			);
			path = ootd;
			sourceTree = "<group>";
		};
		DCF97B042BEDE7320073417E /* Preview Content */ = {
			isa = PBXGroup;
			children = (
				DCF97B052BEDE7320073417E /* Preview Assets.xcassets */,
			);
			path = "Preview Content";
			sourceTree = "<group>";
		};
		DCF97B142BEDE7320073417E /* ootdTests */ = {
			isa = PBXGroup;
			children = (
				DCF97B152BEDE7320073417E /* ootdTests.swift */,
			);
			path = ootdTests;
			sourceTree = "<group>";
		};
		DCF97B1E2BEDE7320073417E /* ootdUITests */ = {
			isa = PBXGroup;
			children = (
				DCF97B1F2BEDE7320073417E /* ootdUITests.swift */,
				DCF97B212BEDE7320073417E /* ootdUITestsLaunchTests.swift */,
			);
			path = ootdUITests;
			sourceTree = "<group>";
		};
/* End PBXGroup section */

/* Begin PBXNativeTarget section */
		DCF97AFA2BEDE7300073417E /* ootd */ = {
			isa = PBXNativeTarget;
			buildConfigurationList = DCF97B252BEDE7320073417E /* Build configuration list for PBXNativeTarget "ootd" */;
			buildPhases = (
				DCF97AF72BEDE7300073417E /* Sources */,
				DCF97AF82BEDE7300073417E /* Frameworks */,
				DCF97AF92BEDE7300073417E /* Resources */,
			);
			buildRules = (
			);
			dependencies = (
			);
			name = ootd;
			productName = ootd;
			productReference = DCF97AFB2BEDE7300073417E /* ootd.app */;
			productType = "com.apple.product-type.application";
		};
		DCF97B102BEDE7320073417E /* ootdTests */ = {
			isa = PBXNativeTarget;
			buildConfigurationList = DCF97B282BEDE7320073417E /* Build configuration list for PBXNativeTarget "ootdTests" */;
			buildPhases = (
				DCF97B0D2BEDE7320073417E /* Sources */,
				DCF97B0E2BEDE7320073417E /* Frameworks */,
				DCF97B0F2BEDE7320073417E /* Resources */,
			);
			buildRules = (
			);
			dependencies = (
				DCF97B132BEDE7320073417E /* PBXTargetDependency */,
			);
			name = ootdTests;
			productName = ootdTests;
			productReference = DCF97B112BEDE7320073417E /* ootdTests.xctest */;
			productType = "com.apple.product-type.bundle.unit-test";
		};
		DCF97B1A2BEDE7320073417E /* ootdUITests */ = {
			isa = PBXNativeTarget;
			buildConfigurationList = DCF97B2B2BEDE7320073417E /* Build configuration list for PBXNativeTarget "ootdUITests" */;
			buildPhases = (
				DCF97B172BEDE7320073417E /* Sources */,
				DCF97B182BEDE7320073417E /* Frameworks */,
				DCF97B192BEDE7320073417E /* Resources */,
			);
			buildRules = (
			);
			dependencies = (
				DCF97B1D2BEDE7320073417E /* PBXTargetDependency */,
			);
			name = ootdUITests;
			productName = ootdUITests;
			productReference = DCF97B1B2BEDE7320073417E /* ootdUITests.xctest */;
			productType = "com.apple.product-type.bundle.ui-testing";
		};
/* End PBXNativeTarget section */

/* Begin PBXProject section */
		DCF97AF32BEDE7300073417E /* Project object */ = {
			isa = PBXProject;
			attributes = {
				BuildIndependentTargetsInParallel = 1;
				LastSwiftUpdateCheck = 1430;
				LastUpgradeCheck = 1430;
				TargetAttributes = {
					DCF97AFA2BEDE7300073417E = {
						CreatedOnToolsVersion = 14.3.1;
					};
					DCF97B102BEDE7320073417E = {
						CreatedOnToolsVersion = 14.3.1;
						TestTargetID = DCF97AFA2BEDE7300073417E;
					};
					DCF97B1A2BEDE7320073417E = {
						CreatedOnToolsVersion = 14.3.1;
						TestTargetID = DCF97AFA2BEDE7300073417E;
					};
				};
			};
			buildConfigurationList = DCF97AF62BEDE7300073417E /* Build configuration list for PBXProject "ootd" */;
			compatibilityVersion = "Xcode 14.0";
			developmentRegion = en;
			hasScannedForEncodings = 0;
			knownRegions = (
				en,
				Base,
			);
			mainGroup = DCF97AF22BEDE7300073417E;
			productRefGroup = DCF97AFC2BEDE7300073417E /* Products */;
			projectDirPath = "";
			projectRoot = "";
			targets = (
				DCF97AFA2BEDE7300073417E /* ootd */,
				DCF97B102BEDE7320073417E /* ootdTests */,
				DCF97B1A2BEDE7320073417E /* ootdUITests */,
			);
		};
/* End PBXProject section */

/* Begin PBXResourcesBuildPhase section */
		DCF97AF92BEDE7300073417E /* Resources */ = {
			isa = PBXResourcesBuildPhase;
			buildActionMask = 2147483647;
			files = (
				DCF97B062BEDE7320073417E /* Preview Assets.xcassets in Resources */,
				DCF97B032BEDE7320073417E /* Assets.xcassets in Resources */,
			);
			runOnlyForDeploymentPostprocessing = 0;
		};
		DCF97B0F2BEDE7320073417E /* Resources */ = {
			isa = PBXResourcesBuildPhase;
			buildActionMask = 2147483647;
			files = (
			);
			runOnlyForDeploymentPostprocessing = 0;
		};
		DCF97B192BEDE7320073417E /* Resources */ = {
			isa = PBXResourcesBuildPhase;
			buildActionMask = 2147483647;
			files = (
			);
			runOnlyForDeploymentPostprocessing = 0;
		};
/* End PBXResourcesBuildPhase section */

/* Begin PBXSourcesBuildPhase section */
		DCF97AF72BEDE7300073417E /* Sources */ = {
			isa = PBXSourcesBuildPhase;
			buildActionMask = 2147483647;
			files = (
				DCF97B3B2BEE08B50073417E /* CalendarView.swift in Sources */,
				DCF97B352BEDEBC40073417E /* FeedView.swift in Sources */,
				DCF97B082BEDE7320073417E /* Persistence.swift in Sources */,
				DCF97B392BEDF67E0073417E /* OutfitView.swift in Sources */,
				DCF97B372BEDF6390073417E /* Outfit.swift in Sources */,
				DCF97B012BEDE7300073417E /* ContentView.swift in Sources */,
				DCF97B2F2BEDEB690073417E /* ProfileView.swift in Sources */,
				DCF97AFF2BEDE7300073417E /* ootdApp.swift in Sources */,
				DCF97B0B2BEDE7320073417E /* ootd.xcdatamodeld in Sources */,
				DCF97B342BEDEBC10073417E /* AddOutfitView.swift in Sources */,
			);
			runOnlyForDeploymentPostprocessing = 0;
		};
		DCF97B0D2BEDE7320073417E /* Sources */ = {
			isa = PBXSourcesBuildPhase;
			buildActionMask = 2147483647;
			files = (
				DCF97B162BEDE7320073417E /* ootdTests.swift in Sources */,
			);
			runOnlyForDeploymentPostprocessing = 0;
		};
		DCF97B172BEDE7320073417E /* Sources */ = {
			isa = PBXSourcesBuildPhase;
			buildActionMask = 2147483647;
			files = (
				DCF97B222BEDE7320073417E /* ootdUITestsLaunchTests.swift in Sources */,
				DCF97B202BEDE7320073417E /* ootdUITests.swift in Sources */,
			);
			runOnlyForDeploymentPostprocessing = 0;
		};
/* End PBXSourcesBuildPhase section */

/* Begin PBXTargetDependency section */
		DCF97B132BEDE7320073417E /* PBXTargetDependency */ = {
			isa = PBXTargetDependency;
			target = DCF97AFA2BEDE7300073417E /* ootd */;
			targetProxy = DCF97B122BEDE7320073417E /* PBXContainerItemProxy */;
		};
		DCF97B1D2BEDE7320073417E /* PBXTargetDependency */ = {
			isa = PBXTargetDependency;
			target = DCF97AFA2BEDE7300073417E /* ootd */;
			targetProxy = DCF97B1C2BEDE7320073417E /* PBXContainerItemProxy */;
		};
/* End PBXTargetDependency section */

/* Begin XCBuildConfiguration section */
		DCF97B232BEDE7320073417E /* Debug */ = {
			isa = XCBuildConfiguration;
			buildSettings = {
				ALWAYS_SEARCH_USER_PATHS = NO;
				CLANG_ANALYZER_NONNULL = YES;
				CLANG_ANALYZER_NUMBER_OBJECT_CONVERSION = YES_AGGRESSIVE;
				CLANG_CXX_LANGUAGE_STANDARD = "gnu++20";
				CLANG_ENABLE_MODULES = YES;
				CLANG_ENABLE_OBJC_ARC = YES;
				CLANG_ENABLE_OBJC_WEAK = YES;
				CLANG_WARN_BLOCK_CAPTURE_AUTORELEASING = YES;
				CLANG_WARN_BOOL_CONVERSION = YES;
				CLANG_WARN_COMMA = YES;
				CLANG_WARN_CONSTANT_CONVERSION = YES;
				CLANG_WARN_DEPRECATED_OBJC_IMPLEMENTATIONS = YES;
				CLANG_WARN_DIRECT_OBJC_ISA_USAGE = YES_ERROR;
				CLANG_WARN_DOCUMENTATION_COMMENTS = YES;
				CLANG_WARN_EMPTY_BODY = YES;
				CLANG_WARN_ENUM_CONVERSION = YES;
				CLANG_WARN_INFINITE_RECURSION = YES;
				CLANG_WARN_INT_CONVERSION = YES;
				CLANG_WARN_NON_LITERAL_NULL_CONVERSION = YES;
				CLANG_WARN_OBJC_IMPLICIT_RETAIN_SELF = YES;
				CLANG_WARN_OBJC_LITERAL_CONVERSION = YES;
				CLANG_WARN_OBJC_ROOT_CLASS = YES_ERROR;
				CLANG_WARN_QUOTED_INCLUDE_IN_FRAMEWORK_HEADER = YES;
				CLANG_WARN_RANGE_LOOP_ANALYSIS = YES;
				CLANG_WARN_STRICT_PROTOTYPES = YES;
				CLANG_WARN_SUSPICIOUS_MOVE = YES;
				CLANG_WARN_UNGUARDED_AVAILABILITY = YES_AGGRESSIVE;
				CLANG_WARN_UNREACHABLE_CODE = YES;
				CLANG_WARN__DUPLICATE_METHOD_MATCH = YES;
				COPY_PHASE_STRIP = NO;
				DEBUG_INFORMATION_FORMAT = dwarf;
				ENABLE_STRICT_OBJC_MSGSEND = YES;
				ENABLE_TESTABILITY = YES;
				GCC_C_LANGUAGE_STANDARD = gnu11;
				GCC_DYNAMIC_NO_PIC = NO;
				GCC_NO_COMMON_BLOCKS = YES;
				GCC_OPTIMIZATION_LEVEL = 0;
				GCC_PREPROCESSOR_DEFINITIONS = (
					"DEBUG=1",
					"$(inherited)",
				);
				GCC_WARN_64_TO_32_BIT_CONVERSION = YES;
				GCC_WARN_ABOUT_RETURN_TYPE = YES_ERROR;
				GCC_WARN_UNDECLARED_SELECTOR = YES;
				GCC_WARN_UNINITIALIZED_AUTOS = YES_AGGRESSIVE;
				GCC_WARN_UNUSED_FUNCTION = YES;
				GCC_WARN_UNUSED_VARIABLE = YES;
				IPHONEOS_DEPLOYMENT_TARGET = 16.4;
				MTL_ENABLE_DEBUG_INFO = INCLUDE_SOURCE;
				MTL_FAST_MATH = YES;
				ONLY_ACTIVE_ARCH = YES;
				SDKROOT = iphoneos;
				SWIFT_ACTIVE_COMPILATION_CONDITIONS = DEBUG;
				SWIFT_OPTIMIZATION_LEVEL = "-Onone";
			};
			name = Debug;
		};
		DCF97B242BEDE7320073417E /* Release */ = {
			isa = XCBuildConfiguration;
			buildSettings = {
				ALWAYS_SEARCH_USER_PATHS = NO;
				CLANG_ANALYZER_NONNULL = YES;
				CLANG_ANALYZER_NUMBER_OBJECT_CONVERSION = YES_AGGRESSIVE;
				CLANG_CXX_LANGUAGE_STANDARD = "gnu++20";
				CLANG_ENABLE_MODULES = YES;
				CLANG_ENABLE_OBJC_ARC = YES;
				CLANG_ENABLE_OBJC_WEAK = YES;
				CLANG_WARN_BLOCK_CAPTURE_AUTORELEASING = YES;
				CLANG_WARN_BOOL_CONVERSION = YES;
				CLANG_WARN_COMMA = YES;
				CLANG_WARN_CONSTANT_CONVERSION = YES;
				CLANG_WARN_DEPRECATED_OBJC_IMPLEMENTATIONS = YES;
				CLANG_WARN_DIRECT_OBJC_ISA_USAGE = YES_ERROR;
				CLANG_WARN_DOCUMENTATION_COMMENTS = YES;
				CLANG_WARN_EMPTY_BODY = YES;
				CLANG_WARN_ENUM_CONVERSION = YES;
				CLANG_WARN_INFINITE_RECURSION = YES;
				CLANG_WARN_INT_CONVERSION = YES;
				CLANG_WARN_NON_LITERAL_NULL_CONVERSION = YES;
				CLANG_WARN_OBJC_IMPLICIT_RETAIN_SELF = YES;
				CLANG_WARN_OBJC_LITERAL_CONVERSION = YES;
				CLANG_WARN_OBJC_ROOT_CLASS = YES_ERROR;
				CLANG_WARN_QUOTED_INCLUDE_IN_FRAMEWORK_HEADER = YES;
				CLANG_WARN_RANGE_LOOP_ANALYSIS = YES;
				CLANG_WARN_STRICT_PROTOTYPES = YES;
				CLANG_WARN_SUSPICIOUS_MOVE = YES;
				CLANG_WARN_UNGUARDED_AVAILABILITY = YES_AGGRESSIVE;
				CLANG_WARN_UNREACHABLE_CODE = YES;
				CLANG_WARN__DUPLICATE_METHOD_MATCH = YES;
				COPY_PHASE_STRIP = NO;
				DEBUG_INFORMATION_FORMAT = "dwarf-with-dsym";
				ENABLE_NS_ASSERTIONS = NO;
				ENABLE_STRICT_OBJC_MSGSEND = YES;
				GCC_C_LANGUAGE_STANDARD = gnu11;
				GCC_NO_COMMON_BLOCKS = YES;
				GCC_WARN_64_TO_32_BIT_CONVERSION = YES;
				GCC_WARN_ABOUT_RETURN_TYPE = YES_ERROR;
				GCC_WARN_UNDECLARED_SELECTOR = YES;
				GCC_WARN_UNINITIALIZED_AUTOS = YES_AGGRESSIVE;
				GCC_WARN_UNUSED_FUNCTION = YES;
				GCC_WARN_UNUSED_VARIABLE = YES;
				IPHONEOS_DEPLOYMENT_TARGET = 16.4;
				MTL_ENABLE_DEBUG_INFO = NO;
				MTL_FAST_MATH = YES;
				SDKROOT = iphoneos;
				SWIFT_COMPILATION_MODE = wholemodule;
				SWIFT_OPTIMIZATION_LEVEL = "-O";
				VALIDATE_PRODUCT = YES;
			};
			name = Release;
		};
		DCF97B262BEDE7320073417E /* Debug */ = {
			isa = XCBuildConfiguration;
			buildSettings = {
				ASSETCATALOG_COMPILER_APPICON_NAME = AppIcon;
				ASSETCATALOG_COMPILER_GLOBAL_ACCENT_COLOR_NAME = AccentColor;
				CODE_SIGN_STYLE = Automatic;
				CURRENT_PROJECT_VERSION = 1;
				DEVELOPMENT_ASSET_PATHS = "\"ootd/Preview Content\"";
				DEVELOPMENT_TEAM = B6M5NN7LNG;
				ENABLE_PREVIEWS = YES;
				GENERATE_INFOPLIST_FILE = YES;
				INFOPLIST_KEY_UIApplicationSceneManifest_Generation = YES;
				INFOPLIST_KEY_UIApplicationSupportsIndirectInputEvents = YES;
				INFOPLIST_KEY_UILaunchScreen_Generation = YES;
				INFOPLIST_KEY_UISupportedInterfaceOrientations_iPad = "UIInterfaceOrientationPortrait UIInterfaceOrientationPortraitUpsideDown UIInterfaceOrientationLandscapeLeft UIInterfaceOrientationLandscapeRight";
				INFOPLIST_KEY_UISupportedInterfaceOrientations_iPhone = "UIInterfaceOrientationPortrait UIInterfaceOrientationLandscapeLeft UIInterfaceOrientationLandscapeRight";
				LD_RUNPATH_SEARCH_PATHS = (
					"$(inherited)",
					"@executable_path/Frameworks",
				);
				MARKETING_VERSION = 1.0;
				PRODUCT_BUNDLE_IDENTIFIER = ootd.ootd;
				PRODUCT_NAME = "$(TARGET_NAME)";
				SWIFT_EMIT_LOC_STRINGS = YES;
				SWIFT_VERSION = 5.0;
				TARGETED_DEVICE_FAMILY = "1,2";
			};
			name = Debug;
		};
		DCF97B272BEDE7320073417E /* Release */ = {
			isa = XCBuildConfiguration;
			buildSettings = {
				ASSETCATALOG_COMPILER_APPICON_NAME = AppIcon;
				ASSETCATALOG_COMPILER_GLOBAL_ACCENT_COLOR_NAME = AccentColor;
				CODE_SIGN_STYLE = Automatic;
				CURRENT_PROJECT_VERSION = 1;
				DEVELOPMENT_ASSET_PATHS = "\"ootd/Preview Content\"";
				DEVELOPMENT_TEAM = B6M5NN7LNG;
				ENABLE_PREVIEWS = YES;
				GENERATE_INFOPLIST_FILE = YES;
				INFOPLIST_KEY_UIApplicationSceneManifest_Generation = YES;
				INFOPLIST_KEY_UIApplicationSupportsIndirectInputEvents = YES;
				INFOPLIST_KEY_UILaunchScreen_Generation = YES;
				INFOPLIST_KEY_UISupportedInterfaceOrientations_iPad = "UIInterfaceOrientationPortrait UIInterfaceOrientationPortraitUpsideDown UIInterfaceOrientationLandscapeLeft UIInterfaceOrientationLandscapeRight";
				INFOPLIST_KEY_UISupportedInterfaceOrientations_iPhone = "UIInterfaceOrientationPortrait UIInterfaceOrientationLandscapeLeft UIInterfaceOrientationLandscapeRight";
				LD_RUNPATH_SEARCH_PATHS = (
					"$(inherited)",
					"@executable_path/Frameworks",
				);
				MARKETING_VERSION = 1.0;
				PRODUCT_BUNDLE_IDENTIFIER = ootd.ootd;
				PRODUCT_NAME = "$(TARGET_NAME)";
				SWIFT_EMIT_LOC_STRINGS = YES;
				SWIFT_VERSION = 5.0;
				TARGETED_DEVICE_FAMILY = "1,2";
			};
			name = Release;
		};
		DCF97B292BEDE7320073417E /* Debug */ = {
			isa = XCBuildConfiguration;
			buildSettings = {
				ALWAYS_EMBED_SWIFT_STANDARD_LIBRARIES = YES;
				BUNDLE_LOADER = "$(TEST_HOST)";
				CODE_SIGN_STYLE = Automatic;
				CURRENT_PROJECT_VERSION = 1;
				DEVELOPMENT_TEAM = B6M5NN7LNG;
				GENERATE_INFOPLIST_FILE = YES;
				IPHONEOS_DEPLOYMENT_TARGET = 16.4;
				MARKETING_VERSION = 1.0;
				PRODUCT_BUNDLE_IDENTIFIER = ootd.ootdTests;
				PRODUCT_NAME = "$(TARGET_NAME)";
				SWIFT_EMIT_LOC_STRINGS = NO;
				SWIFT_VERSION = 5.0;
				TARGETED_DEVICE_FAMILY = "1,2";
				TEST_HOST = "$(BUILT_PRODUCTS_DIR)/ootd.app/$(BUNDLE_EXECUTABLE_FOLDER_PATH)/ootd";
			};
			name = Debug;
		};
		DCF97B2A2BEDE7320073417E /* Release */ = {
			isa = XCBuildConfiguration;
			buildSettings = {
				ALWAYS_EMBED_SWIFT_STANDARD_LIBRARIES = YES;
				BUNDLE_LOADER = "$(TEST_HOST)";
				CODE_SIGN_STYLE = Automatic;
				CURRENT_PROJECT_VERSION = 1;
				DEVELOPMENT_TEAM = B6M5NN7LNG;
				GENERATE_INFOPLIST_FILE = YES;
				IPHONEOS_DEPLOYMENT_TARGET = 16.4;
				MARKETING_VERSION = 1.0;
				PRODUCT_BUNDLE_IDENTIFIER = ootd.ootdTests;
				PRODUCT_NAME = "$(TARGET_NAME)";
				SWIFT_EMIT_LOC_STRINGS = NO;
				SWIFT_VERSION = 5.0;
				TARGETED_DEVICE_FAMILY = "1,2";
				TEST_HOST = "$(BUILT_PRODUCTS_DIR)/ootd.app/$(BUNDLE_EXECUTABLE_FOLDER_PATH)/ootd";
			};
			name = Release;
		};
		DCF97B2C2BEDE7320073417E /* Debug */ = {
			isa = XCBuildConfiguration;
			buildSettings = {
				ALWAYS_EMBED_SWIFT_STANDARD_LIBRARIES = YES;
				CODE_SIGN_STYLE = Automatic;
				CURRENT_PROJECT_VERSION = 1;
				DEVELOPMENT_TEAM = B6M5NN7LNG;
				GENERATE_INFOPLIST_FILE = YES;
				MARKETING_VERSION = 1.0;
				PRODUCT_BUNDLE_IDENTIFIER = ootd.ootdUITests;
				PRODUCT_NAME = "$(TARGET_NAME)";
				SWIFT_EMIT_LOC_STRINGS = NO;
				SWIFT_VERSION = 5.0;
				TARGETED_DEVICE_FAMILY = "1,2";
				TEST_TARGET_NAME = ootd;
			};
			name = Debug;
		};
		DCF97B2D2BEDE7320073417E /* Release */ = {
			isa = XCBuildConfiguration;
			buildSettings = {
				ALWAYS_EMBED_SWIFT_STANDARD_LIBRARIES = YES;
				CODE_SIGN_STYLE = Automatic;
				CURRENT_PROJECT_VERSION = 1;
				DEVELOPMENT_TEAM = B6M5NN7LNG;
				GENERATE_INFOPLIST_FILE = YES;
				MARKETING_VERSION = 1.0;
				PRODUCT_BUNDLE_IDENTIFIER = ootd.ootdUITests;
				PRODUCT_NAME = "$(TARGET_NAME)";
				SWIFT_EMIT_LOC_STRINGS = NO;
				SWIFT_VERSION = 5.0;
				TARGETED_DEVICE_FAMILY = "1,2";
				TEST_TARGET_NAME = ootd;
			};
			name = Release;
		};
/* End XCBuildConfiguration section */

/* Begin XCConfigurationList section */
		DCF97AF62BEDE7300073417E /* Build configuration list for PBXProject "ootd" */ = {
			isa = XCConfigurationList;
			buildConfigurations = (
				DCF97B232BEDE7320073417E /* Debug */,
				DCF97B242BEDE7320073417E /* Release */,
			);
			defaultConfigurationIsVisible = 0;
			defaultConfigurationName = Release;
		};
		DCF97B252BEDE7320073417E /* Build configuration list for PBXNativeTarget "ootd" */ = {
			isa = XCConfigurationList;
			buildConfigurations = (
				DCF97B262BEDE7320073417E /* Debug */,
				DCF97B272BEDE7320073417E /* Release */,
			);
			defaultConfigurationIsVisible = 0;
			defaultConfigurationName = Release;
		};
		DCF97B282BEDE7320073417E /* Build configuration list for PBXNativeTarget "ootdTests" */ = {
			isa = XCConfigurationList;
			buildConfigurations = (
				DCF97B292BEDE7320073417E /* Debug */,
				DCF97B2A2BEDE7320073417E /* Release */,
			);
			defaultConfigurationIsVisible = 0;
			defaultConfigurationName = Release;
		};
		DCF97B2B2BEDE7320073417E /* Build configuration list for PBXNativeTarget "ootdUITests" */ = {
			isa = XCConfigurationList;
			buildConfigurations = (
				DCF97B2C2BEDE7320073417E /* Debug */,
				DCF97B2D2BEDE7320073417E /* Release */,
			);
			defaultConfigurationIsVisible = 0;
			defaultConfigurationName = Release;
		};
/* End XCConfigurationList section */

/* Begin XCVersionGroup section */
		DCF97B092BEDE7320073417E /* ootd.xcdatamodeld */ = {
			isa = XCVersionGroup;
			children = (
				DCF97B0A2BEDE7320073417E /* ootd.xcdatamodel */,
			);
			currentVersion = DCF97B0A2BEDE7320073417E /* ootd.xcdatamodel */;
			path = ootd.xcdatamodeld;
			sourceTree = "<group>";
			versionGroupType = wrapper.xcdatamodel;
		};
/* End XCVersionGroup section */
	};
	rootObject = DCF97AF32BEDE7300073417E /* Project object */;
}
